{
  "name": "responsive-menu",
  "version": "1.0.0",
  "lockfileVersion": 1,
  "requires": true,
  "dependencies": {
    "svelte": {
      "version": "3.55.1",
      "resolved": "https://registry.npmjs.org/svelte/-/svelte-3.55.1.tgz",
      "integrity": "sha512-S+87/P0Ve67HxKkEV23iCdAh/SX1xiSfjF1HOglno/YTbSTW7RniICMCofWGdJJbdjw3S+0PfFb1JtGfTXE0oQ=="
    }
  }
}
